
Microsoft Visual Studio Solution File, Format Version 12.00
Project("{FAE04EC0-301F-11D3-BF4B-00C04F79EFBC}") = "basket2", "basket2\basket2.csproj", "{623A533C-A1E8-4FE7-952D-B3DF67EDEA78}"
EndProject
Global
	GlobalSection(SolutionConfigurationPlatforms) = preSolution
		Debug|Any CPU = Debug|Any CPU
		Release|Any CPU = Release|Any CPU
	EndGlobalSection
	GlobalSection(ProjectConfigurationPlatforms) = postSolution
		{623A533C-A1E8-4FE7-952D-B3DF67EDEA78}.Debug|Any CPU.ActiveCfg = Debug|Any CPU
		{623A533C-A1E8-4FE7-952D-B3DF67EDEA78}.Debug|Any CPU.Build.0 = Debug|Any CPU
		{623A533C-A1E8-4FE7-952D-B3DF67EDEA78}.Release|Any CPU.ActiveCfg = Release|Any CPU
		{623A533C-A1E8-4FE7-952D-B3DF67EDEA78}.Release|Any CPU.Build.0 = Release|Any CPU
	EndGlobalSection
EndGlobal
